{
  "version": "3",
  "packages": {
    "specifiers": {
      "npm:@lighthouse-web3/sdk@^0.3.3": "npm:@lighthouse-web3/sdk@0.3.3",
      "npm:@napi-rs/canvas@^0.1.53": "npm:@napi-rs/canvas@0.1.53",
      "npm:ethers": "npm:ethers@6.13.1",
      "npm:ethers@^6.13.1": "npm:ethers@6.13.1",
      "npm:multiformats": "npm:multiformats@13.1.3",
      "npm:multiformats@^13.1.3": "npm:multiformats@13.1.3"
    },
    "npm": {
      "@adraffy/ens-normalize@1.10.1": {
        "integrity": "sha512-96Z2IP3mYmF1Xg2cDm8f1gWGf/HUVedQ3FMifV4kG/PQ4yEP51xDtRAEfhVNt5f/uzpNkZHwWQuUcu6D6K+Ekw==",
        "dependencies": {}
      },
      "@hapi/hoek@9.3.0": {
        "integrity": "sha512-/c6rf4UJlmHlC9b5BaNvzAcFv7HZ2QHaV0D4/HNlBdvFnvQq8RI4kYdhyPCl7Xj+oWvTWQ8ujhqS53LIgAe6KQ==",
        "dependencies": {}
      },
      "@hapi/topo@5.1.0": {
        "integrity": "sha512-foQZKJig7Ob0BMAYBfcJk8d77QtOe7Wo4ox7ff1lQYoNNAb6jwcY1ncdoy2e9wQZzvNy7ODZCYJkK8kzmcAnAg==",
        "dependencies": {
          "@hapi/hoek": "@hapi/hoek@9.3.0"
        }
      },
      "@lighthouse-web3/kavach@0.1.8": {
        "integrity": "sha512-3rn92G5Jkmq/BlFruLUifl6IdpDacUZ0cUCn1KhhPtF+9kJE7uIBR9wIX74exInbpuujowXQz/xOvibJGKEEUQ==",
        "dependencies": {
          "bls-eth-wasm": "bls-eth-wasm@1.2.1",
          "joi": "joi@17.13.3"
        }
      },
      "@lighthouse-web3/sdk@0.3.3": {
        "integrity": "sha512-QdmuPTftizeLmHy8EdRNJnC5qfYpIbYI2fSjqWH2JCqtqPJTOO5G+AzvMjjxojCL/nMf6VEnGNAjUYZ9pD3deA==",
        "dependencies": {
          "@lighthouse-web3/kavach": "@lighthouse-web3/kavach@0.1.8",
          "@peculiar/webcrypto": "@peculiar/webcrypto@1.5.0",
          "axios": "axios@1.7.2",
          "bls-eth-wasm": "bls-eth-wasm@1.2.1",
          "cli-spinner": "cli-spinner@0.2.10",
          "commander": "commander@10.0.1",
          "conf": "conf@10.2.0_ajv@8.16.0",
          "crypto-js": "crypto-js@4.2.0",
          "ethers": "ethers@6.13.1",
          "form-data": "form-data@4.0.0",
          "fs-extra": "fs-extra@11.2.0",
          "kleur": "kleur@4.1.5",
          "mime-types": "mime-types@2.1.35",
          "progress": "progress@2.0.3",
          "read": "read@1.0.7",
          "recursive-fs": "recursive-fs@2.1.0"
        }
      },
      "@napi-rs/canvas-android-arm64@0.1.53": {
        "integrity": "sha512-2YhxfVsZguATlRWE0fZdTx35SE9+r5D7HV5GPNDataZOKmHf+zZ5//dspuuBSbOriQdoicaFrgXKCUqI0pK3WQ==",
        "dependencies": {}
      },
      "@napi-rs/canvas-darwin-arm64@0.1.53": {
        "integrity": "sha512-ls+CWLMusf4RAGo5BvIIzA6dNcc0elwVp6LKjHfQECHA8KKmvdB58YuE5BQcTlb2rzk0SEKtBC/Th3NI2oNdfg==",
        "dependencies": {}
      },
      "@napi-rs/canvas-darwin-x64@0.1.53": {
        "integrity": "sha512-ZAgcoCH5+5OKS2P8Lxx+jbkAPKkyLD2x6OvSrHg1U6ppdxmLA+CkJlRl8w45HCXwuyIiP7OeymECRtiNYTwznQ==",
        "dependencies": {}
      },
      "@napi-rs/canvas-linux-arm-gnueabihf@0.1.53": {
        "integrity": "sha512-p9km/3C/loDxu3AvA8/vtpIS1BGMd/Ehkl2Iu/v/Gw8N/KUIt3HUvTS7AKApyVE28bxTfq96wJQjtcT8jzDncw==",
        "dependencies": {}
      },
      "@napi-rs/canvas-linux-arm64-gnu@0.1.53": {
        "integrity": "sha512-QKK+sykEiYwjwd+ogyLcpcnH38DNZ8KViBlnfEpoGA2Wa+21/cWQKfMxnbgb/rbvm5tazJinZcihFvH577WQ5g==",
        "dependencies": {}
      },
      "@napi-rs/canvas-linux-arm64-musl@0.1.53": {
        "integrity": "sha512-2N41U0X8RnrTKzpTtPv1ozlYkJtPsUdbfF3uP/KEd/BsULGd8Y8ghkGMS6CM+821au4ex0dPrWOOdT9wC1rSqQ==",
        "dependencies": {}
      },
      "@napi-rs/canvas-linux-x64-gnu@0.1.53": {
        "integrity": "sha512-7XjuTvDKCODtf/vMwF43VGDrjfgwYKgS91ggdcX3UrJaBYWyWu/+eqNvNj+zdXSe/0x+YOjf5jG4m8xIXdBMQA==",
        "dependencies": {}
      },
      "@napi-rs/canvas-linux-x64-musl@0.1.53": {
        "integrity": "sha512-970WEvB8vmj+uxvgdBZ+AGFV7uq9GJhXrqG5PGQ5lWciHX0P0d/OhS2F7TITgFR0LsKDQZ7XQgzMxsYOfwZ0FQ==",
        "dependencies": {}
      },
      "@napi-rs/canvas-win32-x64-msvc@0.1.53": {
        "integrity": "sha512-rLFQCSJaWg/sv54Aap9nAhaodi4Vyb4un50EgW+PNkk8icMziU6KLRKirGBdQr9ZdxnshAPeQXD1g2ArStujKA==",
        "dependencies": {}
      },
      "@napi-rs/canvas@0.1.53": {
        "integrity": "sha512-XsEZi97+kKykmAiPpY+IpZoHxJY1srqFZp8jDt1/RySzC0kB0iZYt/VMIFqQKpLCARZjD7SOAz2AULtwYlesCA==",
        "dependencies": {
          "@napi-rs/canvas-android-arm64": "@napi-rs/canvas-android-arm64@0.1.53",
          "@napi-rs/canvas-darwin-arm64": "@napi-rs/canvas-darwin-arm64@0.1.53",
          "@napi-rs/canvas-darwin-x64": "@napi-rs/canvas-darwin-x64@0.1.53",
          "@napi-rs/canvas-linux-arm-gnueabihf": "@napi-rs/canvas-linux-arm-gnueabihf@0.1.53",
          "@napi-rs/canvas-linux-arm64-gnu": "@napi-rs/canvas-linux-arm64-gnu@0.1.53",
          "@napi-rs/canvas-linux-arm64-musl": "@napi-rs/canvas-linux-arm64-musl@0.1.53",
          "@napi-rs/canvas-linux-x64-gnu": "@napi-rs/canvas-linux-x64-gnu@0.1.53",
          "@napi-rs/canvas-linux-x64-musl": "@napi-rs/canvas-linux-x64-musl@0.1.53",
          "@napi-rs/canvas-win32-x64-msvc": "@napi-rs/canvas-win32-x64-msvc@0.1.53"
        }
      },
      "@noble/curves@1.2.0": {
        "integrity": "sha512-oYclrNgRaM9SsBUBVbb8M6DTV7ZHRTKugureoYEncY5c65HOmRzvSiTE3y5CYaPYJA/GVkrhXEoF0M3Ya9PMnw==",
        "dependencies": {
          "@noble/hashes": "@noble/hashes@1.3.2"
        }
      },
      "@noble/hashes@1.3.2": {
        "integrity": "sha512-MVC8EAQp7MvEcm30KWENFjgR+Mkmf+D189XJTkFIlwohU5hcBbn1ZkKq7KVTi2Hme3PMGF390DaL52beVrIihQ==",
        "dependencies": {}
      },
      "@peculiar/asn1-schema@2.3.8": {
        "integrity": "sha512-ULB1XqHKx1WBU/tTFIA+uARuRoBVZ4pNdOA878RDrRbBfBGcSzi5HBkdScC6ZbHn8z7L8gmKCgPC1LHRrP46tA==",
        "dependencies": {
          "asn1js": "asn1js@3.0.5",
          "pvtsutils": "pvtsutils@1.3.5",
          "tslib": "tslib@2.6.3"
        }
      },
      "@peculiar/json-schema@1.1.12": {
        "integrity": "sha512-coUfuoMeIB7B8/NMekxaDzLhaYmp0HZNPEjYRm9goRou8UZIC3z21s0sL9AWoCw4EG876QyO3kYrc61WNF9B/w==",
        "dependencies": {
          "tslib": "tslib@2.6.3"
        }
      },
      "@peculiar/webcrypto@1.5.0": {
        "integrity": "sha512-BRs5XUAwiyCDQMsVA9IDvDa7UBR9gAvPHgugOeGng3YN6vJ9JYonyDc0lNczErgtCWtucjR5N7VtaonboD/ezg==",
        "dependencies": {
          "@peculiar/asn1-schema": "@peculiar/asn1-schema@2.3.8",
          "@peculiar/json-schema": "@peculiar/json-schema@1.1.12",
          "pvtsutils": "pvtsutils@1.3.5",
          "tslib": "tslib@2.6.3",
          "webcrypto-core": "webcrypto-core@1.8.0"
        }
      },
      "@sideway/address@4.1.5": {
        "integrity": "sha512-IqO/DUQHUkPeixNQ8n0JA6102hT9CmaljNTPmQ1u8MEhBo/R4Q8eKLN/vGZxuebwOroDB4cbpjheD4+/sKFK4Q==",
        "dependencies": {
          "@hapi/hoek": "@hapi/hoek@9.3.0"
        }
      },
      "@sideway/formula@3.0.1": {
        "integrity": "sha512-/poHZJJVjx3L+zVD6g9KgHfYnb443oi7wLu/XKojDviHy6HOEOA6z1Trk5aR1dGcmPenJEgb2sK2I80LeS3MIg==",
        "dependencies": {}
      },
      "@sideway/pinpoint@2.0.0": {
        "integrity": "sha512-RNiOoTPkptFtSVzQevY/yWtZwf/RxyVnPy/OcA9HBM3MlGDnBEYL5B41H0MTn0Uec8Hi+2qUtTfG2WWZBmMejQ==",
        "dependencies": {}
      },
      "@types/node@18.15.13": {
        "integrity": "sha512-N+0kuo9KgrUQ1Sn/ifDXsvg0TTleP7rIy4zOBGECxAljqvqfqpTfzx0Q1NUedOixRMBfe2Whhb056a42cWs26Q==",
        "dependencies": {}
      },
      "aes-js@4.0.0-beta.5": {
        "integrity": "sha512-G965FqalsNyrPqgEGON7nIx1e/OVENSgiEIzyC63haUMuvNnwIgIjMs52hlTCKhkBny7A2ORNlfY9Zu+jmGk1Q==",
        "dependencies": {}
      },
      "ajv-formats@2.1.1_ajv@8.16.0": {
        "integrity": "sha512-Wx0Kx52hxE7C18hkMEggYlEifqWZtYaRgouJor+WMdPnQyEK13vgEWyVNup7SoeeoLMsr4kf5h6dOW11I15MUA==",
        "dependencies": {
          "ajv": "ajv@8.16.0"
        }
      },
      "ajv@8.16.0": {
        "integrity": "sha512-F0twR8U1ZU67JIEtekUcLkXkoO5mMMmgGD8sK/xUFzJ805jxHQl92hImFAqqXMyMYjSPOyUPAwHYhB72g5sTXw==",
        "dependencies": {
          "fast-deep-equal": "fast-deep-equal@3.1.3",
          "json-schema-traverse": "json-schema-traverse@1.0.0",
          "require-from-string": "require-from-string@2.0.2",
          "uri-js": "uri-js@4.4.1"
        }
      },
      "asn1js@3.0.5": {
        "integrity": "sha512-FVnvrKJwpt9LP2lAMl8qZswRNm3T4q9CON+bxldk2iwk3FFpuwhx2FfinyitizWHsVYyaY+y5JzDR0rCMV5yTQ==",
        "dependencies": {
          "pvtsutils": "pvtsutils@1.3.5",
          "pvutils": "pvutils@1.1.3",
          "tslib": "tslib@2.6.3"
        }
      },
      "asynckit@0.4.0": {
        "integrity": "sha512-Oei9OH4tRh0YqU3GxhX79dM/mwVgvbZJaSNaRk+bshkj0S5cfHcgYakreBjrHwatXKbz+IoIdYLxrKim2MjW0Q==",
        "dependencies": {}
      },
      "atomically@1.7.0": {
        "integrity": "sha512-Xcz9l0z7y9yQ9rdDaxlmaI4uJHf/T8g9hOEzJcsEqX2SjCj4J20uK7+ldkDHMbpJDK76wF7xEIgxc/vSlsfw5w==",
        "dependencies": {}
      },
      "axios@1.7.2": {
        "integrity": "sha512-2A8QhOMrbomlDuiLeK9XibIBzuHeRcqqNOHp0Cyp5EoJ1IFDh+XZH3A6BkXtv0K4gFGCI0Y4BM7B1wOEi0Rmgw==",
        "dependencies": {
          "follow-redirects": "follow-redirects@1.15.6",
          "form-data": "form-data@4.0.0",
          "proxy-from-env": "proxy-from-env@1.1.0"
        }
      },
      "bls-eth-wasm@1.2.1": {
        "integrity": "sha512-hl4oBzZQmPGNb9Wt5GI+oEuHM6twGc5HzXCzNZMVLMMg+dltsOuvuioRyLolpDFbncC0BJbGPzP1ZTysUGkksw==",
        "dependencies": {}
      },
      "cli-spinner@0.2.10": {
        "integrity": "sha512-U0sSQ+JJvSLi1pAYuJykwiA8Dsr15uHEy85iCJ6A+0DjVxivr3d+N2Wjvodeg89uP5K6TswFkKBfAD7B3YSn/Q==",
        "dependencies": {}
      },
      "combined-stream@1.0.8": {
        "integrity": "sha512-FQN4MRfuJeHf7cBbBMJFXhKSDq+2kAArBlmRBvcvFE5BB1HZKXtSFASDhdlz9zOYwxh8lDdnvmMOe/+5cdoEdg==",
        "dependencies": {
          "delayed-stream": "delayed-stream@1.0.0"
        }
      },
      "commander@10.0.1": {
        "integrity": "sha512-y4Mg2tXshplEbSGzx7amzPwKKOCGuoSRP/CjEdwwk0FOGlUbq6lKuoyDZTNZkmxHdJtp54hdfY/JUrdL7Xfdug==",
        "dependencies": {}
      },
      "conf@10.2.0_ajv@8.16.0": {
        "integrity": "sha512-8fLl9F04EJqjSqH+QjITQfJF8BrOVaYr1jewVgSRAEWePfxT0sku4w2hrGQ60BC/TNLGQ2pgxNlTbWQmMPFvXg==",
        "dependencies": {
          "ajv": "ajv@8.16.0",
          "ajv-formats": "ajv-formats@2.1.1_ajv@8.16.0",
          "atomically": "atomically@1.7.0",
          "debounce-fn": "debounce-fn@4.0.0",
          "dot-prop": "dot-prop@6.0.1",
          "env-paths": "env-paths@2.2.1",
          "json-schema-typed": "json-schema-typed@7.0.3",
          "onetime": "onetime@5.1.2",
          "pkg-up": "pkg-up@3.1.0",
          "semver": "semver@7.6.2"
        }
      },
      "crypto-js@4.2.0": {
        "integrity": "sha512-KALDyEYgpY+Rlob/iriUtjV6d5Eq+Y191A5g4UqLAi8CyGP9N1+FdVbkc1SxKc2r4YAYqG8JzO2KGL+AizD70Q==",
        "dependencies": {}
      },
      "debounce-fn@4.0.0": {
        "integrity": "sha512-8pYCQiL9Xdcg0UPSD3d+0KMlOjp+KGU5EPwYddgzQ7DATsg4fuUDjQtsYLmWjnk2obnNHgV3vE2Y4jejSOJVBQ==",
        "dependencies": {
          "mimic-fn": "mimic-fn@3.1.0"
        }
      },
      "delayed-stream@1.0.0": {
        "integrity": "sha512-ZySD7Nf91aLB0RxL4KGrKHBXl7Eds1DAmEdcoVawXnLD7SDhpNgtuII2aAkg7a7QS41jxPSZ17p4VdGnMHk3MQ==",
        "dependencies": {}
      },
      "dot-prop@6.0.1": {
        "integrity": "sha512-tE7ztYzXHIeyvc7N+hR3oi7FIbf/NIjVP9hmAt3yMXzrQ072/fpjGLx2GxNxGxUl5V73MEqYzioOMoVhGMJ5cA==",
        "dependencies": {
          "is-obj": "is-obj@2.0.0"
        }
      },
      "env-paths@2.2.1": {
        "integrity": "sha512-+h1lkLKhZMTYjog1VEpJNG7NZJWcuc2DDk/qsqSTRRCOXiLjeQ1d1/udrUGhqMxUgAlwKNZ0cf2uqan5GLuS2A==",
        "dependencies": {}
      },
      "ethers@6.13.1": {
        "integrity": "sha512-hdJ2HOxg/xx97Lm9HdCWk949BfYqYWpyw4//78SiwOLgASyfrNszfMUNB2joKjvGUdwhHfaiMMFFwacVVoLR9A==",
        "dependencies": {
          "@adraffy/ens-normalize": "@adraffy/ens-normalize@1.10.1",
          "@noble/curves": "@noble/curves@1.2.0",
          "@noble/hashes": "@noble/hashes@1.3.2",
          "@types/node": "@types/node@18.15.13",
          "aes-js": "aes-js@4.0.0-beta.5",
          "tslib": "tslib@2.4.0",
          "ws": "ws@8.17.1"
        }
      },
      "fast-deep-equal@3.1.3": {
        "integrity": "sha512-f3qQ9oQy9j2AhBe/H9VC91wLmKBCCU/gDOnKNAYG5hswO7BLKj09Hc5HYNz9cGI++xlpDCIgDaitVs03ATR84Q==",
        "dependencies": {}
      },
      "find-up@3.0.0": {
        "integrity": "sha512-1yD6RmLI1XBfxugvORwlck6f75tYL+iR0jqwsOrOxMZyGYqUuDhJ0l4AXdO1iX/FTs9cBAMEk1gWSEx1kSbylg==",
        "dependencies": {
          "locate-path": "locate-path@3.0.0"
        }
      },
      "follow-redirects@1.15.6": {
        "integrity": "sha512-wWN62YITEaOpSK584EZXJafH1AGpO8RVgElfkuXbTOrPX4fIfOyEpW/CsiNd8JdYrAoOvafRTOEnvsO++qCqFA==",
        "dependencies": {}
      },
      "form-data@4.0.0": {
        "integrity": "sha512-ETEklSGi5t0QMZuiXoA/Q6vcnxcLQP5vdugSpuAyi6SVGi2clPPp+xgEhuMaHC+zGgn31Kd235W35f7Hykkaww==",
        "dependencies": {
          "asynckit": "asynckit@0.4.0",
          "combined-stream": "combined-stream@1.0.8",
          "mime-types": "mime-types@2.1.35"
        }
      },
      "fs-extra@11.2.0": {
        "integrity": "sha512-PmDi3uwK5nFuXh7XDTlVnS17xJS7vW36is2+w3xcv8SVxiB4NyATf4ctkVY5bkSjX0Y4nbvZCq1/EjtEyr9ktw==",
        "dependencies": {
          "graceful-fs": "graceful-fs@4.2.11",
          "jsonfile": "jsonfile@6.1.0",
          "universalify": "universalify@2.0.1"
        }
      },
      "graceful-fs@4.2.11": {
        "integrity": "sha512-RbJ5/jmFcNNCcDV5o9eTnBLJ/HszWV0P73bc+Ff4nS/rJj+YaS6IGyiOL0VoBYX+l1Wrl3k63h/KrH+nhJ0XvQ==",
        "dependencies": {}
      },
      "is-obj@2.0.0": {
        "integrity": "sha512-drqDG3cbczxxEJRoOXcOjtdp1J/lyp1mNn0xaznRs8+muBhgQcrnbspox5X5fOw0HnMnbfDzvnEMEtqDEJEo8w==",
        "dependencies": {}
      },
      "joi@17.13.3": {
        "integrity": "sha512-otDA4ldcIx+ZXsKHWmp0YizCweVRZG96J10b0FevjfuncLO1oX59THoAmHkNubYJ+9gWsYsp5k8v4ib6oDv1fA==",
        "dependencies": {
          "@hapi/hoek": "@hapi/hoek@9.3.0",
          "@hapi/topo": "@hapi/topo@5.1.0",
          "@sideway/address": "@sideway/address@4.1.5",
          "@sideway/formula": "@sideway/formula@3.0.1",
          "@sideway/pinpoint": "@sideway/pinpoint@2.0.0"
        }
      },
      "json-schema-traverse@1.0.0": {
        "integrity": "sha512-NM8/P9n3XjXhIZn1lLhkFaACTOURQXjWhV4BA/RnOv8xvgqtqpAX9IO4mRQxSx1Rlo4tqzeqb0sOlruaOy3dug==",
        "dependencies": {}
      },
      "json-schema-typed@7.0.3": {
        "integrity": "sha512-7DE8mpG+/fVw+dTpjbxnx47TaMnDfOI1jwft9g1VybltZCduyRQPJPvc+zzKY9WPHxhPWczyFuYa6I8Mw4iU5A==",
        "dependencies": {}
      },
      "jsonfile@6.1.0": {
        "integrity": "sha512-5dgndWOriYSm5cnYaJNhalLNDKOqFwyDB/rr1E9ZsGciGvKPs8R2xYGCacuf3z6K1YKDz182fd+fY3cn3pMqXQ==",
        "dependencies": {
          "graceful-fs": "graceful-fs@4.2.11",
          "universalify": "universalify@2.0.1"
        }
      },
      "kleur@4.1.5": {
        "integrity": "sha512-o+NO+8WrRiQEE4/7nwRJhN1HWpVmJm511pBHUxPLtp0BUISzlBplORYSmTclCnJvQq2tKu/sgl3xVpkc7ZWuQQ==",
        "dependencies": {}
      },
      "locate-path@3.0.0": {
        "integrity": "sha512-7AO748wWnIhNqAuaty2ZWHkQHRSNfPVIsPIfwEOWO22AmaoVrWavlOcMR5nzTLNYvp36X220/maaRsrec1G65A==",
        "dependencies": {
          "p-locate": "p-locate@3.0.0",
          "path-exists": "path-exists@3.0.0"
        }
      },
      "mime-db@1.52.0": {
        "integrity": "sha512-sPU4uV7dYlvtWJxwwxHD0PuihVNiE7TyAbQ5SWxDCB9mUYvOgroQOwYQQOKPJ8CIbE+1ETVlOoK1UC2nU3gYvg==",
        "dependencies": {}
      },
      "mime-types@2.1.35": {
        "integrity": "sha512-ZDY+bPm5zTTF+YpCrAU9nK0UgICYPT0QtT1NZWFv4s++TNkcgVaT0g6+4R2uI4MjQjzysHB1zxuWL50hzaeXiw==",
        "dependencies": {
          "mime-db": "mime-db@1.52.0"
        }
      },
      "mimic-fn@2.1.0": {
        "integrity": "sha512-OqbOk5oEQeAZ8WXWydlu9HJjz9WVdEIvamMCcXmuqUYjTknH/sqsWvhQ3vgwKFRR1HpjvNBKQ37nbJgYzGqGcg==",
        "dependencies": {}
      },
      "mimic-fn@3.1.0": {
        "integrity": "sha512-Ysbi9uYW9hFyfrThdDEQuykN4Ey6BuwPD2kpI5ES/nFTDn/98yxYNLZJcgUAKPT/mcrLLKaGzJR9YVxJrIdASQ==",
        "dependencies": {}
      },
      "multiformats@13.1.3": {
        "integrity": "sha512-CZPi9lFZCM/+7oRolWYsvalsyWQGFo+GpdaTmjxXXomC+nP/W1Rnxb9sUgjvmNmRZ5bOPqRAl4nuK+Ydw/4tGw==",
        "dependencies": {}
      },
      "mute-stream@0.0.8": {
        "integrity": "sha512-nnbWWOkoWyUsTjKrhgD0dcz22mdkSnpYqbEjIm2nhwhuxlSkpywJmBo8h0ZqJdkp73mb90SssHkN4rsRaBAfAA==",
        "dependencies": {}
      },
      "onetime@5.1.2": {
        "integrity": "sha512-kbpaSSGJTWdAY5KPVeMOKXSrPtr8C8C7wodJbcsd51jRnmD+GZu8Y0VoU6Dm5Z4vWr0Ig/1NKuWRKf7j5aaYSg==",
        "dependencies": {
          "mimic-fn": "mimic-fn@2.1.0"
        }
      },
      "p-limit@2.3.0": {
        "integrity": "sha512-//88mFWSJx8lxCzwdAABTJL2MyWB12+eIY7MDL2SqLmAkeKU9qxRvWuSyTjm3FUmpBEMuFfckAIqEaVGUDxb6w==",
        "dependencies": {
          "p-try": "p-try@2.2.0"
        }
      },
      "p-locate@3.0.0": {
        "integrity": "sha512-x+12w/To+4GFfgJhBEpiDcLozRJGegY+Ei7/z0tSLkMmxGZNybVMSfWj9aJn8Z5Fc7dBUNJOOVgPv2H7IwulSQ==",
        "dependencies": {
          "p-limit": "p-limit@2.3.0"
        }
      },
      "p-try@2.2.0": {
        "integrity": "sha512-R4nPAVTAU0B9D35/Gk3uJf/7XYbQcyohSKdvAxIRSNghFl4e71hVoGnBNQz9cWaXxO2I10KTC+3jMdvvoKw6dQ==",
        "dependencies": {}
      },
      "path-exists@3.0.0": {
        "integrity": "sha512-bpC7GYwiDYQ4wYLe+FA8lhRjhQCMcQGuSgGGqDkg/QerRWw9CmGRT0iSOVRSZJ29NMLZgIzqaljJ63oaL4NIJQ==",
        "dependencies": {}
      },
      "pkg-up@3.1.0": {
        "integrity": "sha512-nDywThFk1i4BQK4twPQ6TA4RT8bDY96yeuCVBWL3ePARCiEKDRSrNGbFIgUJpLp+XeIR65v8ra7WuJOFUBtkMA==",
        "dependencies": {
          "find-up": "find-up@3.0.0"
        }
      },
      "progress@2.0.3": {
        "integrity": "sha512-7PiHtLll5LdnKIMw100I+8xJXR5gW2QwWYkT6iJva0bXitZKa/XMrSbdmg3r2Xnaidz9Qumd0VPaMrZlF9V9sA==",
        "dependencies": {}
      },
      "proxy-from-env@1.1.0": {
        "integrity": "sha512-D+zkORCbA9f1tdWRK0RaCR3GPv50cMxcrz4X8k5LTSUD1Dkw47mKJEZQNunItRTkWwgtaUSo1RVFRIG9ZXiFYg==",
        "dependencies": {}
      },
      "punycode@2.3.1": {
        "integrity": "sha512-vYt7UD1U9Wg6138shLtLOvdAu+8DsC/ilFtEVHcH+wydcSpNE20AfSOduf6MkRFahL5FY7X1oU7nKVZFtfq8Fg==",
        "dependencies": {}
      },
      "pvtsutils@1.3.5": {
        "integrity": "sha512-ARvb14YB9Nm2Xi6nBq1ZX6dAM0FsJnuk+31aUp4TrcZEdKUlSqOqsxJHUPJDNE3qiIp+iUPEIeR6Je/tgV7zsA==",
        "dependencies": {
          "tslib": "tslib@2.6.3"
        }
      },
      "pvutils@1.1.3": {
        "integrity": "sha512-pMpnA0qRdFp32b1sJl1wOJNxZLQ2cbQx+k6tjNtZ8CpvVhNqEPRgivZ2WOUev2YMajecdH7ctUPDvEe87nariQ==",
        "dependencies": {}
      },
      "read@1.0.7": {
        "integrity": "sha512-rSOKNYUmaxy0om1BNjMN4ezNT6VKK+2xF4GBhc81mkH7L60i6dp8qPYrkndNLT3QPphoII3maL9PVC9XmhHwVQ==",
        "dependencies": {
          "mute-stream": "mute-stream@0.0.8"
        }
      },
      "recursive-fs@2.1.0": {
        "integrity": "sha512-oed3YruYsD52Mi16s/07eYblQOLi5dTtxpIJNdfCEJ7S5v8dDgVcycar0pRWf4IBuPMIkoctC8RTqGJzIKMNAQ==",
        "dependencies": {}
      },
      "require-from-string@2.0.2": {
        "integrity": "sha512-Xf0nWe6RseziFMu+Ap9biiUbmplq6S9/p+7w7YXP/JBHhrUDDUhwa+vANyubuqfZWTveU//DYVGsDG7RKL/vEw==",
        "dependencies": {}
      },
      "semver@7.6.2": {
        "integrity": "sha512-FNAIBWCx9qcRhoHcgcJ0gvU7SN1lYU2ZXuSfl04bSC5OpvDHFyJCjdNHomPXxjQlCBU67YW64PzY7/VIEH7F2w==",
        "dependencies": {}
      },
      "tslib@2.4.0": {
        "integrity": "sha512-d6xOpEDfsi2CZVlPQzGeux8XMwLT9hssAsaPYExaQMuYskwb+x1x7J371tWlbBdWHroy99KnVB6qIkUbs5X3UQ==",
        "dependencies": {}
      },
      "tslib@2.6.3": {
        "integrity": "sha512-xNvxJEOUiWPGhUuUdQgAJPKOOJfGnIyKySOc09XkKsgdUV/3E2zvwZYdejjmRgPCgcym1juLH3226yA7sEFJKQ==",
        "dependencies": {}
      },
      "universalify@2.0.1": {
        "integrity": "sha512-gptHNQghINnc/vTGIk0SOFGFNXw7JVrlRUtConJRlvaw6DuX0wO5Jeko9sWrMBhh+PsYAZ7oXAiOnf/UKogyiw==",
        "dependencies": {}
      },
      "uri-js@4.4.1": {
        "integrity": "sha512-7rKUyy33Q1yc98pQ1DAmLtwX109F7TIfWlW1Ydo8Wl1ii1SeHieeh0HHfPeL2fMXK6z0s8ecKs9frCuLJvndBg==",
        "dependencies": {
          "punycode": "punycode@2.3.1"
        }
      },
      "webcrypto-core@1.8.0": {
        "integrity": "sha512-kR1UQNH8MD42CYuLzvibfakG5Ew5seG85dMMoAM/1LqvckxaF6pUiidLuraIu4V+YCIFabYecUZAW0TuxAoaqw==",
        "dependencies": {
          "@peculiar/asn1-schema": "@peculiar/asn1-schema@2.3.8",
          "@peculiar/json-schema": "@peculiar/json-schema@1.1.12",
          "asn1js": "asn1js@3.0.5",
          "pvtsutils": "pvtsutils@1.3.5",
          "tslib": "tslib@2.6.3"
        }
      },
      "ws@8.17.1": {
        "integrity": "sha512-6XQFvXTkbfUOZOKKILFG1PDK2NDQs4azKQl26T0YS5CxqWLgXajbPZ+h4gZekJyRqFU8pvnbAbbs/3TgRPy+GQ==",
        "dependencies": {}
      }
    }
  },
  "redirects": {
    "https://deno.land/x/canvas/mod.ts": "https://deno.land/x/canvas@v1.4.1/mod.ts"
  },
  "remote": {
    "https://cdn.gisthostfor.me/filoozom-4XDZ64lBpn-generate.js": "507beeafb0e6e0ca8d990e584cececa16813a403dc92f636d4aa3c7f73a7a58c",
    "https://cdn.gisthostfor.me/filoozom-tbPpmAb40f-generate.js": "a33788086be63040942d59305e3a33085645f730a13b3d25fdb068309c8c2692",
    "https://cdn.gisthostfor.me/filoozom-teuPXIUiuA-generate.js": "e2730b476a2a90b9b26c3e572539031a8d5af5e98a76dcf5110cf2f460a898aa",
    "https://deno.land/std@0.106.0/encoding/base64.ts": "eecae390f1f1d1cae6f6c6d732ede5276bf4b9cd29b1d281678c054dc5cc009e",
    "https://deno.land/x/canvas@v1.4.1/deps.ts": "e956026d98094946166e06d7b799290b732db015813870d84e04e33ab88e98f3",
    "https://deno.land/x/canvas@v1.4.1/mod.ts": "a4e16972647ceafef58612a377a218372454c99d2c9da615a132694597114f80",
    "https://deno.land/x/canvas@v1.4.1/src/base64.ts": "0928031fdba0c43b617154fbe2eb7578366460c04da1422933ae5e936d3d0349",
    "https://deno.land/x/canvas@v1.4.1/src/canvas.ts": "58119999b04f68ebeed2627485c5c24c5b0c029707edde0b6568814f9049a3a8",
    "https://deno.land/x/canvas@v1.4.1/src/canvaskit.ts": "c3d807472cbb3e1d9fc01bb43ff974ef796c4b010178d1595be5fa793cce5e7d",
    "https://deno.land/x/canvas@v1.4.1/src/color_util.ts": "28f1072f0a5acbe7add7fac2f452311a47b44c080806fc4057de2d2e405c6c1c",
    "https://deno.land/x/canvas@v1.4.1/src/lib.js": "bb21711589bfbc8997b455cdf53e3150e23289f3b44809188041b1d2fc7924fa",
    "https://deno.land/x/canvas@v1.4.1/src/types.ts": "67d5800f8f4b0a407e0251676a03ae91b5f50a3ed53e6b72dc5984113cb93128",
    "https://deno.land/x/canvas@v1.4.1/src/wasm.js": "449d72cc14fc4142a5853f944df49a744d852981d09c5515528ede8aebb0afda"
  },
  "workspace": {
    "packageJson": {
      "dependencies": [
        "npm:@lighthouse-web3/sdk@^0.3.3",
        "npm:@napi-rs/canvas@^0.1.53",
        "npm:ethers@^6.13.1",
        "npm:multiformats@^13.1.3"
      ]
    }
  }
}
